
Microsoft Visual Studio Solution File, Format Version 12.00
# Visual Studio Version 17
VisualStudioVersion = 17.3.32804.467
MinimumVisualStudioVersion = 10.0.40219.1
Project("{9A19103F-16F7-4668-BE54-9A1E7A4F7556}") = "WebAppDETAug2022", "WebAppDETAug2022\WebAppDETAug2022.csproj", "{8AB58715-72BD-4B8C-921B-5A1F4554B70C}"
EndProject
Project("{9A19103F-16F7-4668-BE54-9A1E7A4F7556}") = "MVCDemo", "MVCDemo\MVCDemo.csproj", "{0C9B6571-D6B7-4CED-8648-78A0689CEEF7}"
EndProject
Project("{9A19103F-16F7-4668-BE54-9A1E7A4F7556}") = "APIDemo", "APIDemo\APIDemo.csproj", "{376C2854-DAA9-4611-92A3-B71B0CD8B329}"
EndProject
Project("{9A19103F-16F7-4668-BE54-9A1E7A4F7556}") = "ToDoAPI1", "ToDoAPI1\ToDoAPI1.csproj", "{E02DCA2B-F7DD-4204-90DA-87AC7854E1BF}"
EndProject
Project("{9A19103F-16F7-4668-BE54-9A1E7A4F7556}") = "Bank", "Bank\Bank.csproj", "{1978563E-D93B-4567-BED1-794DDEC70506}"
EndProject
Project("{9A19103F-16F7-4668-BE54-9A1E7A4F7556}") = "BankTests", "BankTests\BankTests.csproj", "{341060B1-2B2B-43AA-B080-C9579A6EC22F}"
EndProject
Project("{9A19103F-16F7-4668-BE54-9A1E7A4F7556}") = "MyFirstUnitTests", "MyFirstUnitTests\MyFirstUnitTests.csproj", "{751EFE09-C141-4203-8D45-9FD557232BF7}"
EndProject
Project("{FAE04EC0-301F-11D3-BF4B-00C04F79EFBC}") = "TDDDemo", "TDDDemo\TDDDemo.csproj", "{533A6F31-4B33-4901-ABAE-3DCDAB97B4CC}"
EndProject
Project("{FAE04EC0-301F-11D3-BF4B-00C04F79EFBC}") = "Library.API", "Library.API\Library.API.csproj", "{A7AE22E2-6915-43DA-8ADD-CEBE6B2616F6}"
EndProject
Global
	GlobalSection(SolutionConfigurationPlatforms) = preSolution
		Debug|Any CPU = Debug|Any CPU
		Release|Any CPU = Release|Any CPU
	EndGlobalSection
	GlobalSection(ProjectConfigurationPlatforms) = postSolution
		{8AB58715-72BD-4B8C-921B-5A1F4554B70C}.Debug|Any CPU.ActiveCfg = Debug|Any CPU
		{8AB58715-72BD-4B8C-921B-5A1F4554B70C}.Debug|Any CPU.Build.0 = Debug|Any CPU
		{8AB58715-72BD-4B8C-921B-5A1F4554B70C}.Release|Any CPU.ActiveCfg = Release|Any CPU
		{8AB58715-72BD-4B8C-921B-5A1F4554B70C}.Release|Any CPU.Build.0 = Release|Any CPU
		{0C9B6571-D6B7-4CED-8648-78A0689CEEF7}.Debug|Any CPU.ActiveCfg = Debug|Any CPU
		{0C9B6571-D6B7-4CED-8648-78A0689CEEF7}.Debug|Any CPU.Build.0 = Debug|Any CPU
		{0C9B6571-D6B7-4CED-8648-78A0689CEEF7}.Release|Any CPU.ActiveCfg = Release|Any CPU
		{0C9B6571-D6B7-4CED-8648-78A0689CEEF7}.Release|Any CPU.Build.0 = Release|Any CPU
		{376C2854-DAA9-4611-92A3-B71B0CD8B329}.Debug|Any CPU.ActiveCfg = Debug|Any CPU
		{376C2854-DAA9-4611-92A3-B71B0CD8B329}.Debug|Any CPU.Build.0 = Debug|Any CPU
		{376C2854-DAA9-4611-92A3-B71B0CD8B329}.Release|Any CPU.ActiveCfg = Release|Any CPU
		{376C2854-DAA9-4611-92A3-B71B0CD8B329}.Release|Any CPU.Build.0 = Release|Any CPU
		{E02DCA2B-F7DD-4204-90DA-87AC7854E1BF}.Debug|Any CPU.ActiveCfg = Debug|Any CPU
		{E02DCA2B-F7DD-4204-90DA-87AC7854E1BF}.Debug|Any CPU.Build.0 = Debug|Any CPU
		{E02DCA2B-F7DD-4204-90DA-87AC7854E1BF}.Release|Any CPU.ActiveCfg = Release|Any CPU
		{E02DCA2B-F7DD-4204-90DA-87AC7854E1BF}.Release|Any CPU.Build.0 = Release|Any CPU
		{1978563E-D93B-4567-BED1-794DDEC70506}.Debug|Any CPU.ActiveCfg = Debug|Any CPU
		{1978563E-D93B-4567-BED1-794DDEC70506}.Debug|Any CPU.Build.0 = Debug|Any CPU
		{1978563E-D93B-4567-BED1-794DDEC70506}.Release|Any CPU.ActiveCfg = Release|Any CPU
		{1978563E-D93B-4567-BED1-794DDEC70506}.Release|Any CPU.Build.0 = Release|Any CPU
		{341060B1-2B2B-43AA-B080-C9579A6EC22F}.Debug|Any CPU.ActiveCfg = Debug|Any CPU
		{341060B1-2B2B-43AA-B080-C9579A6EC22F}.Debug|Any CPU.Build.0 = Debug|Any CPU
		{341060B1-2B2B-43AA-B080-C9579A6EC22F}.Release|Any CPU.ActiveCfg = Release|Any CPU
		{341060B1-2B2B-43AA-B080-C9579A6EC22F}.Release|Any CPU.Build.0 = Release|Any CPU
		{751EFE09-C141-4203-8D45-9FD557232BF7}.Debug|Any CPU.ActiveCfg = Debug|Any CPU
		{751EFE09-C141-4203-8D45-9FD557232BF7}.Debug|Any CPU.Build.0 = Debug|Any CPU
		{751EFE09-C141-4203-8D45-9FD557232BF7}.Release|Any CPU.ActiveCfg = Release|Any CPU
		{751EFE09-C141-4203-8D45-9FD557232BF7}.Release|Any CPU.Build.0 = Release|Any CPU
		{533A6F31-4B33-4901-ABAE-3DCDAB97B4CC}.Debug|Any CPU.ActiveCfg = Debug|Any CPU
		{533A6F31-4B33-4901-ABAE-3DCDAB97B4CC}.Debug|Any CPU.Build.0 = Debug|Any CPU
		{533A6F31-4B33-4901-ABAE-3DCDAB97B4CC}.Release|Any CPU.ActiveCfg = Release|Any CPU
		{533A6F31-4B33-4901-ABAE-3DCDAB97B4CC}.Release|Any CPU.Build.0 = Release|Any CPU
		{A7AE22E2-6915-43DA-8ADD-CEBE6B2616F6}.Debug|Any CPU.ActiveCfg = Debug|Any CPU
		{A7AE22E2-6915-43DA-8ADD-CEBE6B2616F6}.Debug|Any CPU.Build.0 = Debug|Any CPU
		{A7AE22E2-6915-43DA-8ADD-CEBE6B2616F6}.Release|Any CPU.ActiveCfg = Release|Any CPU
		{A7AE22E2-6915-43DA-8ADD-CEBE6B2616F6}.Release|Any CPU.Build.0 = Release|Any CPU
	EndGlobalSection
	GlobalSection(SolutionProperties) = preSolution
		HideSolutionNode = FALSE
	EndGlobalSection
	GlobalSection(ExtensibilityGlobals) = postSolution
		SolutionGuid = {55C2FFC3-12C9-4811-B6F2-3A903D146B11}
	EndGlobalSection
EndGlobal
